# This file is autogenerated, do not edit; changes may be undone by the next 'dep ensure'.


[[projects]]
  branch = "master"
  name = "github.com/heroku/x"
  packages = ["hmetrics","hmetrics/onload"]
  revision = "705849e307dd75c91728463dea5bfd08ef493e64"

[[projects]]
  branch = "master"
  name = "github.com/sethgrid/pester"
  packages = ["."]
  revision = "0af5bab1e1ea2860c5aef8e77427bab011d774d8"

[[projects]]
  name = "github.com/urfave/negroni"
  packages = ["."]
  revision = "fde5e16d32adc7ad637e9cd9ad21d4ebc6192535"
  version = "v0.2.0"

[solve-meta]
  analyzer-name = "dep"
  analyzer-version = 1
  inputs-digest = "99aa952d01156445c48ab8749a8393dcdc873d820a0ded38526c0559e0403e21"
  solver-name = "gps-cdcl"
  solver-version = 1
